PODS:
  - Alamofire (5.6.4)
  - KakaoSDKAuth (2.14.0):
    - KakaoSDKCommon (= 2.14.0)
  - KakaoSDKCommon (2.14.0):
    - KakaoSDKCommon/Common (= 2.14.0)
    - KakaoSDKCommon/Network (= 2.14.0)
  - KakaoSDKCommon/Common (2.14.0)
  - KakaoSDKCommon/Network (2.14.0):
    - Alamofire (~> 5.1)
    - KakaoSDKCommon/Common (= 2.14.0)
  - KakaoSDKFriend (2.14.0):
    - KakaoSDKUser (= 2.14.0)
  - KakaoSDKShare (2.14.0):
    - KakaoSDKCommon (= 2.14.0)
    - KakaoSDKTemplate (= 2.14.0)
  - KakaoSDKTalk (2.14.0):
    - KakaoSDKTemplate (= 2.14.0)
    - KakaoSDKUser (= 2.14.0)
  - KakaoSDKTemplate (2.14.0):
    - KakaoSDKCommon/Common (= 2.14.0)
  - KakaoSDKUser (2.14.0):
    - KakaoSDKAuth (= 2.14.0)
  - NMapsGeometry (1.0.1)
  - NMapsMap (3.16.2):
    - NMapsGeometry
  - SnapKit (5.6.0)

DEPENDENCIES:
  - Alamofire
  - KakaoSDKAuth
  - KakaoSDKCommon
  - KakaoSDKFriend
  - KakaoSDKShare
  - KakaoSDKTalk
  - KakaoSDKTemplate
  - KakaoSDKUser
  - NMapsMap
  - SnapKit

SPEC REPOS:
  trunk:
    - Alamofire
    - KakaoSDKAuth
    - KakaoSDKCommon
    - KakaoSDKFriend
    - KakaoSDKShare
    - KakaoSDKTalk
    - KakaoSDKTemplate
    - KakaoSDKUser
    - NMapsGeometry
    - NMapsMap
    - SnapKit

SPEC CHECKSUMS:
  Alamofire: 4e95d97098eacb88856099c4fc79b526a299e48c
  KakaoSDKAuth: 8fca87815de22062a23297983f327613b087b8bb
  KakaoSDKCommon: 0ce638f7a2e49704943c0b74a087a9f8067bba1c
  KakaoSDKFriend: 9b742a3a4d96ba9b8c20958476e3a871685fa607
  KakaoSDKShare: 342acc83d47a26c73855555ce070c6d55db37f83
  KakaoSDKTalk: 6843127498cc01d4bda598e3da96e4c16070deb6
  KakaoSDKTemplate: 37fe90573759d54843da54fa66b8e21023b41fea
  KakaoSDKUser: 2ca18314ce72e6690f76cb1f6f9fbc771d31a803
  NMapsGeometry: 53c573ead66466681cf123f99f698dc8071a4b83
  NMapsMap: aaa64717249b06ae82c3a3addb3a01f0e33100ab
  SnapKit: e01d52ebb8ddbc333eefe2132acf85c8227d9c25

PODFILE CHECKSUM: c959554b1318c93f41a0e1d9c9ef26651b5ed25a

COCOAPODS: 1.11.3
