// !$*UTF8*$!
{
	archiveVersion = 1;
	classes = {
	};
	objectVersion = 55;
	objects = {

/* Begin PBXBuildFile section */
		271117F029E683DE00B10D13 /* RecruitViewController.swift in Sources */ = {isa = PBXBuildFile; fileRef = 271117EF29E683DE00B10D13 /* RecruitViewController.swift */; };
		271C67552823B24C00DCF99D /* GoogleService-Info.plist in Resources */ = {isa = PBXBuildFile; fileRef = 271C67542823B24C00DCF99D /* GoogleService-Info.plist */; };
		27470E5029E66FA40017DD81 /* PlaygroundList.swift in Sources */ = {isa = PBXBuildFile; fileRef = 27470E4F29E66FA40017DD81 /* PlaygroundList.swift */; };
		2758AF01282A57A6002BC1A8 /* MoreInfoViewController.swift in Sources */ = {isa = PBXBuildFile; fileRef = 2758AF00282A57A6002BC1A8 /* MoreInfoViewController.swift */; };
		275D4E8628040E8000971915 /* Markers.json in Resources */ = {isa = PBXBuildFile; fileRef = 275D4E8528040E8000971915 /* Markers.json */; };
		2766A5D428084C3800CB96F1 /* ChatViewController.swift in Sources */ = {isa = PBXBuildFile; fileRef = 2766A5D328084C3800CB96F1 /* ChatViewController.swift */; };
		2766A5E1280D63C600CB96F1 /* ContentHeaderCell.swift in Sources */ = {isa = PBXBuildFile; fileRef = 2766A5DF280D63C600CB96F1 /* ContentHeaderCell.swift */; };
		2766A5E2280D63C600CB96F1 /* ContentHeaderCell.xib in Resources */ = {isa = PBXBuildFile; fileRef = 2766A5E0280D63C600CB96F1 /* ContentHeaderCell.xib */; };
		2766A5E4280D63E100CB96F1 /* ContentViewController.swift in Sources */ = {isa = PBXBuildFile; fileRef = 2766A5E3280D63E100CB96F1 /* ContentViewController.swift */; };
		276EC91F27EAE65D0014D70A /* AppDelegate.swift in Sources */ = {isa = PBXBuildFile; fileRef = 276EC91E27EAE65D0014D70A /* AppDelegate.swift */; };
		276EC92127EAE65D0014D70A /* SceneDelegate.swift in Sources */ = {isa = PBXBuildFile; fileRef = 276EC92027EAE65D0014D70A /* SceneDelegate.swift */; };
		276EC93527EAEE200014D70A /* LoginViewController.swift in Sources */ = {isa = PBXBuildFile; fileRef = 276EC93427EAEE200014D70A /* LoginViewController.swift */; };
		276EC93727EAF0BC0014D70A /* EnterViewController.swift in Sources */ = {isa = PBXBuildFile; fileRef = 276EC93627EAF0BC0014D70A /* EnterViewController.swift */; };
		276EC93927EAF13B0014D70A /* MainViewController.swift in Sources */ = {isa = PBXBuildFile; fileRef = 276EC93827EAF13B0014D70A /* MainViewController.swift */; };
		27B237CE2803EB4400DD27C5 /* Main.storyboard in Resources */ = {isa = PBXBuildFile; fileRef = 276EC92427EAE65D0014D70A /* Main.storyboard */; };
		27B237CF2803EBE200DD27C5 /* Assets.xcassets in Resources */ = {isa = PBXBuildFile; fileRef = 276EC92727EAE65E0014D70A /* Assets.xcassets */; };
		27C824C32816941B00B90B2D /* ContentTableViewCell.swift in Sources */ = {isa = PBXBuildFile; fileRef = 27C824C12816941B00B90B2D /* ContentTableViewCell.swift */; };
		27C824C42816941B00B90B2D /* ContentTableViewCell.xib in Resources */ = {isa = PBXBuildFile; fileRef = 27C824C22816941B00B90B2D /* ContentTableViewCell.xib */; };
		27C824C6281A5B2600B90B2D /* MyInfoViewController.swift in Sources */ = {isa = PBXBuildFile; fileRef = 27C824C5281A5B2500B90B2D /* MyInfoViewController.swift */; };
		27DD486829D52BFD009307B7 /* FirebaseAuth in Frameworks */ = {isa = PBXBuildFile; productRef = 27DD486729D52BFD009307B7 /* FirebaseAuth */; };
		27DD486A29D52BFD009307B7 /* FirebaseDatabase in Frameworks */ = {isa = PBXBuildFile; productRef = 27DD486929D52BFD009307B7 /* FirebaseDatabase */; };
		27DD486C29D52BFD009307B7 /* FirebaseDatabaseSwift in Frameworks */ = {isa = PBXBuildFile; productRef = 27DD486B29D52BFD009307B7 /* FirebaseDatabaseSwift */; };
		27DD486E29D52BFD009307B7 /* FirebaseFirestore in Frameworks */ = {isa = PBXBuildFile; productRef = 27DD486D29D52BFD009307B7 /* FirebaseFirestore */; };
		27DD487029D52BFD009307B7 /* FirebaseFirestoreSwift in Frameworks */ = {isa = PBXBuildFile; productRef = 27DD486F29D52BFD009307B7 /* FirebaseFirestoreSwift */; };
		27DD487229D52BFD009307B7 /* FirebaseRemoteConfig in Frameworks */ = {isa = PBXBuildFile; productRef = 27DD487129D52BFD009307B7 /* FirebaseRemoteConfig */; };
		27DD487429D52BFD009307B7 /* FirebaseRemoteConfigSwift in Frameworks */ = {isa = PBXBuildFile; productRef = 27DD487329D52BFD009307B7 /* FirebaseRemoteConfigSwift */; };
		27DD487629D52BFD009307B7 /* FirebaseStorage in Frameworks */ = {isa = PBXBuildFile; productRef = 27DD487529D52BFD009307B7 /* FirebaseStorage */; };
		27DD487D29D588EE009307B7 /* RegisterViewController.swift in Sources */ = {isa = PBXBuildFile; fileRef = 27DD487C29D588ED009307B7 /* RegisterViewController.swift */; };
		27E8F5F129705A17002D3CC4 /* KakaoSDKAuth in Frameworks */ = {isa = PBXBuildFile; productRef = 27E8F5F029705A17002D3CC4 /* KakaoSDKAuth */; };
		27E8F5F329705A17002D3CC4 /* KakaoSDKCommon in Frameworks */ = {isa = PBXBuildFile; productRef = 27E8F5F229705A17002D3CC4 /* KakaoSDKCommon */; };
		27E8F5F729705A17002D3CC4 /* KakaoSDKUser in Frameworks */ = {isa = PBXBuildFile; productRef = 27E8F5F629705A17002D3CC4 /* KakaoSDKUser */; };
		37A7C1E7A3527704E7ACAE4E /* libPods-AroundFootball.a in Frameworks */ = {isa = PBXBuildFile; fileRef = 942F374B54CA19385467800B /* libPods-AroundFootball.a */; };
/* End PBXBuildFile section */

/* Begin PBXFileReference section */
		271117EF29E683DE00B10D13 /* RecruitViewController.swift */ = {isa = PBXFileReference; lastKnownFileType = sourcecode.swift; path = RecruitViewController.swift; sourceTree = "<group>"; };
		271C67542823B24C00DCF99D /* GoogleService-Info.plist */ = {isa = PBXFileReference; fileEncoding = 4; lastKnownFileType = text.plist.xml; path = "GoogleService-Info.plist"; sourceTree = "<group>"; };
		27470E4F29E66FA40017DD81 /* PlaygroundList.swift */ = {isa = PBXFileReference; fileEncoding = 4; lastKnownFileType = sourcecode.swift; path = PlaygroundList.swift; sourceTree = "<group>"; };
		2758AF00282A57A6002BC1A8 /* MoreInfoViewController.swift */ = {isa = PBXFileReference; lastKnownFileType = sourcecode.swift; path = MoreInfoViewController.swift; sourceTree = "<group>"; };
		275D4E8528040E8000971915 /* Markers.json */ = {isa = PBXFileReference; lastKnownFileType = text.json; path = Markers.json; sourceTree = "<group>"; };
		2766A5D328084C3800CB96F1 /* ChatViewController.swift */ = {isa = PBXFileReference; lastKnownFileType = sourcecode.swift; path = ChatViewController.swift; sourceTree = "<group>"; };
		2766A5DF280D63C600CB96F1 /* ContentHeaderCell.swift */ = {isa = PBXFileReference; lastKnownFileType = sourcecode.swift; path = ContentHeaderCell.swift; sourceTree = "<group>"; };
		2766A5E0280D63C600CB96F1 /* ContentHeaderCell.xib */ = {isa = PBXFileReference; lastKnownFileType = file.xib; path = ContentHeaderCell.xib; sourceTree = "<group>"; };
		2766A5E3280D63E100CB96F1 /* ContentViewController.swift */ = {isa = PBXFileReference; lastKnownFileType = sourcecode.swift; path = ContentViewController.swift; sourceTree = "<group>"; };
		276EC91B27EAE65D0014D70A /* AroundFootball.app */ = {isa = PBXFileReference; explicitFileType = wrapper.application; includeInIndex = 0; path = AroundFootball.app; sourceTree = BUILT_PRODUCTS_DIR; };
		276EC91E27EAE65D0014D70A /* AppDelegate.swift */ = {isa = PBXFileReference; lastKnownFileType = sourcecode.swift; path = AppDelegate.swift; sourceTree = "<group>"; };
		276EC92027EAE65D0014D70A /* SceneDelegate.swift */ = {isa = PBXFileReference; lastKnownFileType = sourcecode.swift; path = SceneDelegate.swift; sourceTree = "<group>"; };
		276EC92527EAE65D0014D70A /* Base */ = {isa = PBXFileReference; lastKnownFileType = file.storyboard; name = Base; path = Base.lproj/Main.storyboard; sourceTree = "<group>"; };
		276EC92727EAE65E0014D70A /* Assets.xcassets */ = {isa = PBXFileReference; lastKnownFileType = folder.assetcatalog; path = Assets.xcassets; sourceTree = "<group>"; };
		276EC92A27EAE65E0014D70A /* Base */ = {isa = PBXFileReference; lastKnownFileType = file.storyboard; name = Base; path = Base.lproj/LaunchScreen.storyboard; sourceTree = "<group>"; };
		276EC92C27EAE65E0014D70A /* Info.plist */ = {isa = PBXFileReference; lastKnownFileType = text.plist.xml; path = Info.plist; sourceTree = "<group>"; };
		276EC93427EAEE200014D70A /* LoginViewController.swift */ = {isa = PBXFileReference; lastKnownFileType = sourcecode.swift; path = LoginViewController.swift; sourceTree = "<group>"; };
		276EC93627EAF0BC0014D70A /* EnterViewController.swift */ = {isa = PBXFileReference; lastKnownFileType = sourcecode.swift; path = EnterViewController.swift; sourceTree = "<group>"; };
		276EC93827EAF13B0014D70A /* MainViewController.swift */ = {isa = PBXFileReference; lastKnownFileType = sourcecode.swift; path = MainViewController.swift; sourceTree = "<group>"; };
		27C824C12816941B00B90B2D /* ContentTableViewCell.swift */ = {isa = PBXFileReference; lastKnownFileType = sourcecode.swift; path = ContentTableViewCell.swift; sourceTree = "<group>"; };
		27C824C22816941B00B90B2D /* ContentTableViewCell.xib */ = {isa = PBXFileReference; lastKnownFileType = file.xib; path = ContentTableViewCell.xib; sourceTree = "<group>"; };
		27C824C5281A5B2500B90B2D /* MyInfoViewController.swift */ = {isa = PBXFileReference; lastKnownFileType = sourcecode.swift; path = MyInfoViewController.swift; sourceTree = "<group>"; };
		27DD487C29D588ED009307B7 /* RegisterViewController.swift */ = {isa = PBXFileReference; lastKnownFileType = sourcecode.swift; path = RegisterViewController.swift; sourceTree = "<group>"; };
		444C3F4E972F162E5F70CE59 /* Pods-AroundFootball.debug.xcconfig */ = {isa = PBXFileReference; includeInIndex = 1; lastKnownFileType = text.xcconfig; name = "Pods-AroundFootball.debug.xcconfig"; path = "Target Support Files/Pods-AroundFootball/Pods-AroundFootball.debug.xcconfig"; sourceTree = "<group>"; };
		942F374B54CA19385467800B /* libPods-AroundFootball.a */ = {isa = PBXFileReference; explicitFileType = archive.ar; includeInIndex = 0; path = "libPods-AroundFootball.a"; sourceTree = BUILT_PRODUCTS_DIR; };
		9F4EE652F64EF72EFE941A98 /* Pods-AroundFootball.release.xcconfig */ = {isa = PBXFileReference; includeInIndex = 1; lastKnownFileType = text.xcconfig; name = "Pods-AroundFootball.release.xcconfig"; path = "Target Support Files/Pods-AroundFootball/Pods-AroundFootball.release.xcconfig"; sourceTree = "<group>"; };
/* End PBXFileReference section */

/* Begin PBXFrameworksBuildPhase section */
		276EC91827EAE65D0014D70A /* Frameworks */ = {
			isa = PBXFrameworksBuildPhase;
			buildActionMask = 2147483647;
			files = (
				27DD487229D52BFD009307B7 /* FirebaseRemoteConfig in Frameworks */,
				27DD486C29D52BFD009307B7 /* FirebaseDatabaseSwift in Frameworks */,
				27DD486829D52BFD009307B7 /* FirebaseAuth in Frameworks */,
				27E8F5F329705A17002D3CC4 /* KakaoSDKCommon in Frameworks */,
				27E8F5F729705A17002D3CC4 /* KakaoSDKUser in Frameworks */,
				27DD487029D52BFD009307B7 /* FirebaseFirestoreSwift in Frameworks */,
				27DD486E29D52BFD009307B7 /* FirebaseFirestore in Frameworks */,
				27DD487629D52BFD009307B7 /* FirebaseStorage in Frameworks */,
				27E8F5F129705A17002D3CC4 /* KakaoSDKAuth in Frameworks */,
				27DD487429D52BFD009307B7 /* FirebaseRemoteConfigSwift in Frameworks */,
				27DD486A29D52BFD009307B7 /* FirebaseDatabase in Frameworks */,
				37A7C1E7A3527704E7ACAE4E /* libPods-AroundFootball.a in Frameworks */,
			);
			runOnlyForDeploymentPostprocessing = 0;
		};
/* End PBXFrameworksBuildPhase section */

/* Begin PBXGroup section */
		271117EC29E6835500B10D13 /* Recruit */ = {
			isa = PBXGroup;
			children = (
				271117EF29E683DE00B10D13 /* RecruitViewController.swift */,
			);
			path = Recruit;
			sourceTree = "<group>";
		};
		276EC91227EAE65D0014D70A = {
			isa = PBXGroup;
			children = (
				276EC91D27EAE65D0014D70A /* AroundFootball */,
				276EC91C27EAE65D0014D70A /* Products */,
				8662CD2535510BD4F5D21DD1 /* Pods */,
				33449C8C5B120334F38DD4B1 /* Frameworks */,
			);
			sourceTree = "<group>";
		};
		276EC91C27EAE65D0014D70A /* Products */ = {
			isa = PBXGroup;
			children = (
				276EC91B27EAE65D0014D70A /* AroundFootball.app */,
			);
			name = Products;
			sourceTree = "<group>";
		};
		276EC91D27EAE65D0014D70A /* AroundFootball */ = {
			isa = PBXGroup;
			children = (
				276EC91E27EAE65D0014D70A /* AppDelegate.swift */,
				276EC92027EAE65D0014D70A /* SceneDelegate.swift */,
				27DD487B29D5625F009307B7 /* Models */,
				27DD487929D5622D009307B7 /* View */,
				27DD487A29D5623E009307B7 /* Controllers */,
				275D4E8528040E8000971915 /* Markers.json */,
				271C67542823B24C00DCF99D /* GoogleService-Info.plist */,
				276EC92727EAE65E0014D70A /* Assets.xcassets */,
				276EC92927EAE65E0014D70A /* LaunchScreen.storyboard */,
				276EC92C27EAE65E0014D70A /* Info.plist */,
			);
			path = AroundFootball;
			sourceTree = "<group>";
		};
		27DD487929D5622D009307B7 /* View */ = {
			isa = PBXGroup;
			children = (
				276EC92427EAE65D0014D70A /* Main.storyboard */,
				2766A5DF280D63C600CB96F1 /* ContentHeaderCell.swift */,
				2766A5E0280D63C600CB96F1 /* ContentHeaderCell.xib */,
				27C824C12816941B00B90B2D /* ContentTableViewCell.swift */,
				27C824C22816941B00B90B2D /* ContentTableViewCell.xib */,
			);
			path = View;
			sourceTree = "<group>";
		};
		27DD487A29D5623E009307B7 /* Controllers */ = {
			isa = PBXGroup;
			children = (
				271117EC29E6835500B10D13 /* Recruit */,
				27DD487E29DD296C009307B7 /* Login */,
				27DD487F29DD29CE009307B7 /* Map */,
				27DD488029DD29ED009307B7 /* Chat */,
				27DD488129DD29FD009307B7 /* MyInfo */,
				276EC93627EAF0BC0014D70A /* EnterViewController.swift */,
			);
			path = Controllers;
			sourceTree = "<group>";
		};
		27DD487B29D5625F009307B7 /* Models */ = {
			isa = PBXGroup;
			children = (
				27470E4F29E66FA40017DD81 /* PlaygroundList.swift */,
			);
			path = Models;
			sourceTree = "<group>";
		};
		27DD487E29DD296C009307B7 /* Login */ = {
			isa = PBXGroup;
			children = (
				276EC93427EAEE200014D70A /* LoginViewController.swift */,
				2758AF00282A57A6002BC1A8 /* MoreInfoViewController.swift */,
				27DD487C29D588ED009307B7 /* RegisterViewController.swift */,
			);
			path = Login;
			sourceTree = "<group>";
		};
		27DD487F29DD29CE009307B7 /* Map */ = {
			isa = PBXGroup;
			children = (
				276EC93827EAF13B0014D70A /* MainViewController.swift */,
				2766A5E3280D63E100CB96F1 /* ContentViewController.swift */,
			);
			path = Map;
			sourceTree = "<group>";
		};
		27DD488029DD29ED009307B7 /* Chat */ = {
			isa = PBXGroup;
			children = (
				2766A5D328084C3800CB96F1 /* ChatViewController.swift */,
			);
			path = Chat;
			sourceTree = "<group>";
		};
		27DD488129DD29FD009307B7 /* MyInfo */ = {
			isa = PBXGroup;
			children = (
				27C824C5281A5B2500B90B2D /* MyInfoViewController.swift */,
			);
			path = MyInfo;
			sourceTree = "<group>";
		};
		33449C8C5B120334F38DD4B1 /* Frameworks */ = {
			isa = PBXGroup;
			children = (
				942F374B54CA19385467800B /* libPods-AroundFootball.a */,
			);
			name = Frameworks;
			sourceTree = "<group>";
		};
		8662CD2535510BD4F5D21DD1 /* Pods */ = {
			isa = PBXGroup;
			children = (
				444C3F4E972F162E5F70CE59 /* Pods-AroundFootball.debug.xcconfig */,
				9F4EE652F64EF72EFE941A98 /* Pods-AroundFootball.release.xcconfig */,
			);
			path = Pods;
			sourceTree = "<group>";
		};
/* End PBXGroup section */

/* Begin PBXNativeTarget section */
		276EC91A27EAE65D0014D70A /* AroundFootball */ = {
			isa = PBXNativeTarget;
			buildConfigurationList = 276EC92F27EAE65E0014D70A /* Build configuration list for PBXNativeTarget "AroundFootball" */;
			buildPhases = (
				FF998C5067BECFE07CD97479 /* [CP] Check Pods Manifest.lock */,
				276EC91727EAE65D0014D70A /* Sources */,
				276EC91827EAE65D0014D70A /* Frameworks */,
				276EC91927EAE65D0014D70A /* Resources */,
				3C5A313589FCB34DC3275074 /* [CP] Embed Pods Frameworks */,
			);
			buildRules = (
			);
			dependencies = (
			);
			name = AroundFootball;
			packageProductDependencies = (
				27E8F5F029705A17002D3CC4 /* KakaoSDKAuth */,
				27E8F5F229705A17002D3CC4 /* KakaoSDKCommon */,
				27E8F5F629705A17002D3CC4 /* KakaoSDKUser */,
				27DD486729D52BFD009307B7 /* FirebaseAuth */,
				27DD486929D52BFD009307B7 /* FirebaseDatabase */,
				27DD486B29D52BFD009307B7 /* FirebaseDatabaseSwift */,
				27DD486D29D52BFD009307B7 /* FirebaseFirestore */,
				27DD486F29D52BFD009307B7 /* FirebaseFirestoreSwift */,
				27DD487129D52BFD009307B7 /* FirebaseRemoteConfig */,
				27DD487329D52BFD009307B7 /* FirebaseRemoteConfigSwift */,
				27DD487529D52BFD009307B7 /* FirebaseStorage */,
			);
			productName = AroundFootball;
			productReference = 276EC91B27EAE65D0014D70A /* AroundFootball.app */;
			productType = "com.apple.product-type.application";
		};
/* End PBXNativeTarget section */

/* Begin PBXProject section */
		276EC91327EAE65D0014D70A /* Project object */ = {
			isa = PBXProject;
			attributes = {
				BuildIndependentTargetsInParallel = 1;
				LastSwiftUpdateCheck = 1330;
				LastUpgradeCheck = 1330;
				TargetAttributes = {
					276EC91A27EAE65D0014D70A = {
						CreatedOnToolsVersion = 13.3;
					};
				};
			};
			buildConfigurationList = 276EC91627EAE65D0014D70A /* Build configuration list for PBXProject "AroundFootball" */;
			compatibilityVersion = "Xcode 13.0";
			developmentRegion = en;
			hasScannedForEncodings = 0;
			knownRegions = (
				en,
				Base,
			);
			mainGroup = 276EC91227EAE65D0014D70A;
			packageReferences = (
				27E8F5EF29705A17002D3CC4 /* XCRemoteSwiftPackageReference "kakao-ios-sdk" */,
				27DD486629D52BFD009307B7 /* XCRemoteSwiftPackageReference "firebase-ios-sdk" */,
			);
			productRefGroup = 276EC91C27EAE65D0014D70A /* Products */;
			projectDirPath = "";
			projectRoot = "";
			targets = (
				276EC91A27EAE65D0014D70A /* AroundFootball */,
			);
		};
/* End PBXProject section */

/* Begin PBXResourcesBuildPhase section */
		276EC91927EAE65D0014D70A /* Resources */ = {
			isa = PBXResourcesBuildPhase;
			buildActionMask = 2147483647;
			files = (
				275D4E8628040E8000971915 /* Markers.json in Resources */,
				27B237CF2803EBE200DD27C5 /* Assets.xcassets in Resources */,
				27C824C42816941B00B90B2D /* ContentTableViewCell.xib in Resources */,
				27B237CE2803EB4400DD27C5 /* Main.storyboard in Resources */,
				2766A5E2280D63C600CB96F1 /* ContentHeaderCell.xib in Resources */,
				271C67552823B24C00DCF99D /* GoogleService-Info.plist in Resources */,
			);
			runOnlyForDeploymentPostprocessing = 0;
		};
/* End PBXResourcesBuildPhase section */

/* Begin PBXShellScriptBuildPhase section */
		3C5A313589FCB34DC3275074 /* [CP] Embed Pods Frameworks */ = {
			isa = PBXShellScriptBuildPhase;
			buildActionMask = 12;
			files = (
			);
			inputFileListPaths = (
				"${PODS_ROOT}/Target Support Files/Pods-AroundFootball/Pods-AroundFootball-frameworks-${CONFIGURATION}-input-files.xcfilelist",
			);
			name = "[CP] Embed Pods Frameworks";
			outputFileListPaths = (
				"${PODS_ROOT}/Target Support Files/Pods-AroundFootball/Pods-AroundFootball-frameworks-${CONFIGURATION}-output-files.xcfilelist",
			);
			runOnlyForDeploymentPostprocessing = 0;
			shellPath = /bin/sh;
			shellScript = "\"${PODS_ROOT}/Target Support Files/Pods-AroundFootball/Pods-AroundFootball-frameworks.sh\"\n";
			showEnvVarsInLog = 0;
		};
		FF998C5067BECFE07CD97479 /* [CP] Check Pods Manifest.lock */ = {
			isa = PBXShellScriptBuildPhase;
			buildActionMask = 2147483647;
			files = (
			);
			inputFileListPaths = (
			);
			inputPaths = (
				"${PODS_PODFILE_DIR_PATH}/Podfile.lock",
				"${PODS_ROOT}/Manifest.lock",
			);
			name = "[CP] Check Pods Manifest.lock";
			outputFileListPaths = (
			);
			outputPaths = (
				"$(DERIVED_FILE_DIR)/Pods-AroundFootball-checkManifestLockResult.txt",
			);
			runOnlyForDeploymentPostprocessing = 0;
			shellPath = /bin/sh;
			shellScript = "diff \"${PODS_PODFILE_DIR_PATH}/Podfile.lock\" \"${PODS_ROOT}/Manifest.lock\" > /dev/null\nif [ $? != 0 ] ; then\n    # print error to STDERR\n    echo \"error: The sandbox is not in sync with the Podfile.lock. Run 'pod install' or update your CocoaPods installation.\" >&2\n    exit 1\nfi\n# This output is used by Xcode 'outputs' to avoid re-running this script phase.\necho \"SUCCESS\" > \"${SCRIPT_OUTPUT_FILE_0}\"\n";
			showEnvVarsInLog = 0;
		};
/* End PBXShellScriptBuildPhase section */

/* Begin PBXSourcesBuildPhase section */
		276EC91727EAE65D0014D70A /* Sources */ = {
			isa = PBXSourcesBuildPhase;
			buildActionMask = 2147483647;
			files = (
				2766A5E4280D63E100CB96F1 /* ContentViewController.swift in Sources */,
				276EC93527EAEE200014D70A /* LoginViewController.swift in Sources */,
				27470E5029E66FA40017DD81 /* PlaygroundList.swift in Sources */,
				276EC93727EAF0BC0014D70A /* EnterViewController.swift in Sources */,
				27C824C32816941B00B90B2D /* ContentTableViewCell.swift in Sources */,
				2766A5E1280D63C600CB96F1 /* ContentHeaderCell.swift in Sources */,
				2766A5D428084C3800CB96F1 /* ChatViewController.swift in Sources */,
				276EC91F27EAE65D0014D70A /* AppDelegate.swift in Sources */,
				27DD487D29D588EE009307B7 /* RegisterViewController.swift in Sources */,
				276EC92127EAE65D0014D70A /* SceneDelegate.swift in Sources */,
				27C824C6281A5B2600B90B2D /* MyInfoViewController.swift in Sources */,
				271117F029E683DE00B10D13 /* RecruitViewController.swift in Sources */,
				276EC93927EAF13B0014D70A /* MainViewController.swift in Sources */,
				2758AF01282A57A6002BC1A8 /* MoreInfoViewController.swift in Sources */,
			);
			runOnlyForDeploymentPostprocessing = 0;
		};
/* End PBXSourcesBuildPhase section */

/* Begin PBXVariantGroup section */
		276EC92427EAE65D0014D70A /* Main.storyboard */ = {
			isa = PBXVariantGroup;
			children = (
				276EC92527EAE65D0014D70A /* Base */,
			);
			name = Main.storyboard;
			sourceTree = "<group>";
		};
		276EC92927EAE65E0014D70A /* LaunchScreen.storyboard */ = {
			isa = PBXVariantGroup;
			children = (
				276EC92A27EAE65E0014D70A /* Base */,
			);
			name = LaunchScreen.storyboard;
			sourceTree = "<group>";
		};
/* End PBXVariantGroup section */

/* Begin XCBuildConfiguration section */
		276EC92D27EAE65E0014D70A /* Debug */ = {
			isa = XCBuildConfiguration;
			buildSettings = {
				ALWAYS_SEARCH_USER_PATHS = NO;
				CLANG_ANALYZER_NONNULL = YES;
				CLANG_ANALYZER_NUMBER_OBJECT_CONVERSION = YES_AGGRESSIVE;
				CLANG_CXX_LANGUAGE_STANDARD = "gnu++17";
				CLANG_ENABLE_MODULES = YES;
				CLANG_ENABLE_OBJC_ARC = YES;
				CLANG_ENABLE_OBJC_WEAK = YES;
				CLANG_WARN_BLOCK_CAPTURE_AUTORELEASING = YES;
				CLANG_WARN_BOOL_CONVERSION = YES;
				CLANG_WARN_COMMA = YES;
				CLANG_WARN_CONSTANT_CONVERSION = YES;
				CLANG_WARN_DEPRECATED_OBJC_IMPLEMENTATIONS = YES;
				CLANG_WARN_DIRECT_OBJC_ISA_USAGE = YES_ERROR;
				CLANG_WARN_DOCUMENTATION_COMMENTS = YES;
				CLANG_WARN_EMPTY_BODY = YES;
				CLANG_WARN_ENUM_CONVERSION = YES;
				CLANG_WARN_INFINITE_RECURSION = YES;
				CLANG_WARN_INT_CONVERSION = YES;
				CLANG_WARN_NON_LITERAL_NULL_CONVERSION = YES;
				CLANG_WARN_OBJC_IMPLICIT_RETAIN_SELF = YES;
				CLANG_WARN_OBJC_LITERAL_CONVERSION = YES;
				CLANG_WARN_OBJC_ROOT_CLASS = YES_ERROR;
				CLANG_WARN_QUOTED_INCLUDE_IN_FRAMEWORK_HEADER = YES;
				CLANG_WARN_RANGE_LOOP_ANALYSIS = YES;
				CLANG_WARN_STRICT_PROTOTYPES = YES;
				CLANG_WARN_SUSPICIOUS_MOVE = YES;
				CLANG_WARN_UNGUARDED_AVAILABILITY = YES_AGGRESSIVE;
				CLANG_WARN_UNREACHABLE_CODE = YES;
				CLANG_WARN__DUPLICATE_METHOD_MATCH = YES;
				COPY_PHASE_STRIP = NO;
				DEBUG_INFORMATION_FORMAT = dwarf;
				ENABLE_STRICT_OBJC_MSGSEND = YES;
				ENABLE_TESTABILITY = YES;
				GCC_C_LANGUAGE_STANDARD = gnu11;
				GCC_DYNAMIC_NO_PIC = NO;
				GCC_NO_COMMON_BLOCKS = YES;
				GCC_OPTIMIZATION_LEVEL = 0;
				GCC_PREPROCESSOR_DEFINITIONS = (
					"DEBUG=1",
					"$(inherited)",
				);
				GCC_WARN_64_TO_32_BIT_CONVERSION = YES;
				GCC_WARN_ABOUT_RETURN_TYPE = YES_ERROR;
				GCC_WARN_UNDECLARED_SELECTOR = YES;
				GCC_WARN_UNINITIALIZED_AUTOS = YES_AGGRESSIVE;
				GCC_WARN_UNUSED_FUNCTION = YES;
				GCC_WARN_UNUSED_VARIABLE = YES;
				IPHONEOS_DEPLOYMENT_TARGET = 16.0;
				MTL_ENABLE_DEBUG_INFO = INCLUDE_SOURCE;
				MTL_FAST_MATH = YES;
				ONLY_ACTIVE_ARCH = YES;
				SDKROOT = iphoneos;
				SWIFT_ACTIVE_COMPILATION_CONDITIONS = DEBUG;
				SWIFT_OPTIMIZATION_LEVEL = "-Onone";
			};
			name = Debug;
		};
		276EC92E27EAE65E0014D70A /* Release */ = {
			isa = XCBuildConfiguration;
			buildSettings = {
				ALWAYS_SEARCH_USER_PATHS = NO;
				CLANG_ANALYZER_NONNULL = YES;
				CLANG_ANALYZER_NUMBER_OBJECT_CONVERSION = YES_AGGRESSIVE;
				CLANG_CXX_LANGUAGE_STANDARD = "gnu++17";
				CLANG_ENABLE_MODULES = YES;
				CLANG_ENABLE_OBJC_ARC = YES;
				CLANG_ENABLE_OBJC_WEAK = YES;
				CLANG_WARN_BLOCK_CAPTURE_AUTORELEASING = YES;
				CLANG_WARN_BOOL_CONVERSION = YES;
				CLANG_WARN_COMMA = YES;
				CLANG_WARN_CONSTANT_CONVERSION = YES;
				CLANG_WARN_DEPRECATED_OBJC_IMPLEMENTATIONS = YES;
				CLANG_WARN_DIRECT_OBJC_ISA_USAGE = YES_ERROR;
				CLANG_WARN_DOCUMENTATION_COMMENTS = YES;
				CLANG_WARN_EMPTY_BODY = YES;
				CLANG_WARN_ENUM_CONVERSION = YES;
				CLANG_WARN_INFINITE_RECURSION = YES;
				CLANG_WARN_INT_CONVERSION = YES;
				CLANG_WARN_NON_LITERAL_NULL_CONVERSION = YES;
				CLANG_WARN_OBJC_IMPLICIT_RETAIN_SELF = YES;
				CLANG_WARN_OBJC_LITERAL_CONVERSION = YES;
				CLANG_WARN_OBJC_ROOT_CLASS = YES_ERROR;
				CLANG_WARN_QUOTED_INCLUDE_IN_FRAMEWORK_HEADER = YES;
				CLANG_WARN_RANGE_LOOP_ANALYSIS = YES;
				CLANG_WARN_STRICT_PROTOTYPES = YES;
				CLANG_WARN_SUSPICIOUS_MOVE = YES;
				CLANG_WARN_UNGUARDED_AVAILABILITY = YES_AGGRESSIVE;
				CLANG_WARN_UNREACHABLE_CODE = YES;
				CLANG_WARN__DUPLICATE_METHOD_MATCH = YES;
				COPY_PHASE_STRIP = NO;
				DEBUG_INFORMATION_FORMAT = "dwarf-with-dsym";
				ENABLE_NS_ASSERTIONS = NO;
				ENABLE_STRICT_OBJC_MSGSEND = YES;
				GCC_C_LANGUAGE_STANDARD = gnu11;
				GCC_NO_COMMON_BLOCKS = YES;
				GCC_WARN_64_TO_32_BIT_CONVERSION = YES;
				GCC_WARN_ABOUT_RETURN_TYPE = YES_ERROR;
				GCC_WARN_UNDECLARED_SELECTOR = YES;
				GCC_WARN_UNINITIALIZED_AUTOS = YES_AGGRESSIVE;
				GCC_WARN_UNUSED_FUNCTION = YES;
				GCC_WARN_UNUSED_VARIABLE = YES;
				IPHONEOS_DEPLOYMENT_TARGET = 16.0;
				MTL_ENABLE_DEBUG_INFO = NO;
				MTL_FAST_MATH = YES;
				ONLY_ACTIVE_ARCH = YES;
				SDKROOT = iphoneos;
				SWIFT_COMPILATION_MODE = wholemodule;
				SWIFT_OPTIMIZATION_LEVEL = "-O";
				VALIDATE_PRODUCT = YES;
			};
			name = Release;
		};
		276EC93027EAE65E0014D70A /* Debug */ = {
			isa = XCBuildConfiguration;
			baseConfigurationReference = 444C3F4E972F162E5F70CE59 /* Pods-AroundFootball.debug.xcconfig */;
			buildSettings = {
				ALWAYS_EMBED_SWIFT_STANDARD_LIBRARIES = "$(inherited)";
				ASSETCATALOG_COMPILER_APPICON_NAME = AppIcon;
				ASSETCATALOG_COMPILER_GLOBAL_ACCENT_COLOR_NAME = AccentColor;
				ASSETCATALOG_COMPILER_INCLUDE_ALL_APPICON_ASSETS = YES;
				CODE_SIGN_STYLE = Automatic;
				CURRENT_PROJECT_VERSION = 1;
				DEVELOPMENT_TEAM = K9NKZR257N;
				ENABLE_TESTABILITY = NO;
				GCC_NO_COMMON_BLOCKS = NO;
				GENERATE_INFOPLIST_FILE = YES;
				INFOPLIST_FILE = AroundFootball/Info.plist;
				INFOPLIST_KEY_CFBundleDisplayName = TEAMs;
				INFOPLIST_KEY_LSApplicationCategoryType = "";
				INFOPLIST_KEY_NSLocationAlwaysUsageDescription = "사용자의 위치를 받습니다.";
				INFOPLIST_KEY_NSLocationWhenInUseUsageDescription = "사용자의 위치를 받습니다.";
				INFOPLIST_KEY_UIApplicationSupportsIndirectInputEvents = YES;
				INFOPLIST_KEY_UILaunchStoryboardName = LaunchScreen;
				INFOPLIST_KEY_UISupportedInterfaceOrientations = UIInterfaceOrientationPortrait;
				INFOPLIST_KEY_UISupportedInterfaceOrientations_iPad = "UIInterfaceOrientationPortrait UIInterfaceOrientationPortraitUpsideDown UIInterfaceOrientationLandscapeLeft UIInterfaceOrientationLandscapeRight";
				INFOPLIST_KEY_UISupportedInterfaceOrientations_iPhone = "UIInterfaceOrientationPortrait UIInterfaceOrientationLandscapeLeft UIInterfaceOrientationLandscapeRight";
				IPHONEOS_DEPLOYMENT_TARGET = 14.0;
				LD_RUNPATH_SEARCH_PATHS = "$(inherited)";
				MARKETING_VERSION = 1.0;
				ONLY_ACTIVE_ARCH = YES;
				OTHER_LDFLAGS = "";
				PRODUCT_BUNDLE_IDENTIFIER = "changhyun-kyle.AroundFootball";
				PRODUCT_NAME = "$(TARGET_NAME)";
				SWIFT_EMIT_LOC_STRINGS = YES;
				SWIFT_VERSION = 5.0;
				TARGETED_DEVICE_FAMILY = "1,2";
				VALIDATE_PRODUCT = YES;
				VALIDATE_WORKSPACE = NO;
			};
			name = Debug;
		};
		276EC93127EAE65E0014D70A /* Release */ = {
			isa = XCBuildConfiguration;
			baseConfigurationReference = 9F4EE652F64EF72EFE941A98 /* Pods-AroundFootball.release.xcconfig */;
			buildSettings = {
				ALWAYS_EMBED_SWIFT_STANDARD_LIBRARIES = "$(inherited)";
				ASSETCATALOG_COMPILER_APPICON_NAME = AppIcon;
				ASSETCATALOG_COMPILER_GLOBAL_ACCENT_COLOR_NAME = AccentColor;
				ASSETCATALOG_COMPILER_INCLUDE_ALL_APPICON_ASSETS = YES;
				CODE_SIGN_STYLE = Automatic;
				CURRENT_PROJECT_VERSION = 1;
				DEVELOPMENT_TEAM = K9NKZR257N;
				GCC_NO_COMMON_BLOCKS = NO;
				GENERATE_INFOPLIST_FILE = YES;
				INFOPLIST_FILE = AroundFootball/Info.plist;
				INFOPLIST_KEY_CFBundleDisplayName = TEAMs;
				INFOPLIST_KEY_LSApplicationCategoryType = "";
				INFOPLIST_KEY_NSLocationAlwaysUsageDescription = "사용자의 위치를 받습니다.";
				INFOPLIST_KEY_NSLocationWhenInUseUsageDescription = "사용자의 위치를 받습니다.";
				INFOPLIST_KEY_UIApplicationSupportsIndirectInputEvents = YES;
				INFOPLIST_KEY_UILaunchStoryboardName = LaunchScreen;
				INFOPLIST_KEY_UISupportedInterfaceOrientations = UIInterfaceOrientationPortrait;
				INFOPLIST_KEY_UISupportedInterfaceOrientations_iPad = "UIInterfaceOrientationPortrait UIInterfaceOrientationPortraitUpsideDown UIInterfaceOrientationLandscapeLeft UIInterfaceOrientationLandscapeRight";
				INFOPLIST_KEY_UISupportedInterfaceOrientations_iPhone = "UIInterfaceOrientationPortrait UIInterfaceOrientationLandscapeLeft UIInterfaceOrientationLandscapeRight";
				IPHONEOS_DEPLOYMENT_TARGET = 14.0;
				LD_RUNPATH_SEARCH_PATHS = "$(inherited)";
				MARKETING_VERSION = 1.0;
				ONLY_ACTIVE_ARCH = YES;
				OTHER_LDFLAGS = "";
				PRODUCT_BUNDLE_IDENTIFIER = "changhyun-kyle.AroundFootball";
				PRODUCT_NAME = "$(TARGET_NAME)";
				SWIFT_EMIT_LOC_STRINGS = YES;
				SWIFT_VERSION = 5.0;
				TARGETED_DEVICE_FAMILY = "1,2";
				VALIDATE_PRODUCT = YES;
				VALIDATE_WORKSPACE = NO;
			};
			name = Release;
		};
/* End XCBuildConfiguration section */

/* Begin XCConfigurationList section */
		276EC91627EAE65D0014D70A /* Build configuration list for PBXProject "AroundFootball" */ = {
			isa = XCConfigurationList;
			buildConfigurations = (
				276EC92D27EAE65E0014D70A /* Debug */,
				276EC92E27EAE65E0014D70A /* Release */,
			);
			defaultConfigurationIsVisible = 0;
			defaultConfigurationName = Release;
		};
		276EC92F27EAE65E0014D70A /* Build configuration list for PBXNativeTarget "AroundFootball" */ = {
			isa = XCConfigurationList;
			buildConfigurations = (
				276EC93027EAE65E0014D70A /* Debug */,
				276EC93127EAE65E0014D70A /* Release */,
			);
			defaultConfigurationIsVisible = 0;
			defaultConfigurationName = Release;
		};
/* End XCConfigurationList section */

/* Begin XCRemoteSwiftPackageReference section */
		27DD486629D52BFD009307B7 /* XCRemoteSwiftPackageReference "firebase-ios-sdk" */ = {
			isa = XCRemoteSwiftPackageReference;
			repositoryURL = "https://github.com/firebase/firebase-ios-sdk";
			requirement = {
				kind = upToNextMajorVersion;
				minimumVersion = 9.0.0;
			};
		};
		27E8F5EF29705A17002D3CC4 /* XCRemoteSwiftPackageReference "kakao-ios-sdk" */ = {
			isa = XCRemoteSwiftPackageReference;
			repositoryURL = "https://github.com/kakao/kakao-ios-sdk";
			requirement = {
				kind = upToNextMajorVersion;
				minimumVersion = 2.0.0;
			};
		};
/* End XCRemoteSwiftPackageReference section */

/* Begin XCSwiftPackageProductDependency section */
		27DD486729D52BFD009307B7 /* FirebaseAuth */ = {
			isa = XCSwiftPackageProductDependency;
			package = 27DD486629D52BFD009307B7 /* XCRemoteSwiftPackageReference "firebase-ios-sdk" */;
			productName = FirebaseAuth;
		};
		27DD486929D52BFD009307B7 /* FirebaseDatabase */ = {
			isa = XCSwiftPackageProductDependency;
			package = 27DD486629D52BFD009307B7 /* XCRemoteSwiftPackageReference "firebase-ios-sdk" */;
			productName = FirebaseDatabase;
		};
		27DD486B29D52BFD009307B7 /* FirebaseDatabaseSwift */ = {
			isa = XCSwiftPackageProductDependency;
			package = 27DD486629D52BFD009307B7 /* XCRemoteSwiftPackageReference "firebase-ios-sdk" */;
			productName = FirebaseDatabaseSwift;
		};
		27DD486D29D52BFD009307B7 /* FirebaseFirestore */ = {
			isa = XCSwiftPackageProductDependency;
			package = 27DD486629D52BFD009307B7 /* XCRemoteSwiftPackageReference "firebase-ios-sdk" */;
			productName = FirebaseFirestore;
		};
		27DD486F29D52BFD009307B7 /* FirebaseFirestoreSwift */ = {
			isa = XCSwiftPackageProductDependency;
			package = 27DD486629D52BFD009307B7 /* XCRemoteSwiftPackageReference "firebase-ios-sdk" */;
			productName = FirebaseFirestoreSwift;
		};
		27DD487129D52BFD009307B7 /* FirebaseRemoteConfig */ = {
			isa = XCSwiftPackageProductDependency;
			package = 27DD486629D52BFD009307B7 /* XCRemoteSwiftPackageReference "firebase-ios-sdk" */;
			productName = FirebaseRemoteConfig;
		};
		27DD487329D52BFD009307B7 /* FirebaseRemoteConfigSwift */ = {
			isa = XCSwiftPackageProductDependency;
			package = 27DD486629D52BFD009307B7 /* XCRemoteSwiftPackageReference "firebase-ios-sdk" */;
			productName = FirebaseRemoteConfigSwift;
		};
		27DD487529D52BFD009307B7 /* FirebaseStorage */ = {
			isa = XCSwiftPackageProductDependency;
			package = 27DD486629D52BFD009307B7 /* XCRemoteSwiftPackageReference "firebase-ios-sdk" */;
			productName = FirebaseStorage;
		};
		27E8F5F029705A17002D3CC4 /* KakaoSDKAuth */ = {
			isa = XCSwiftPackageProductDependency;
			package = 27E8F5EF29705A17002D3CC4 /* XCRemoteSwiftPackageReference "kakao-ios-sdk" */;
			productName = KakaoSDKAuth;
		};
		27E8F5F229705A17002D3CC4 /* KakaoSDKCommon */ = {
			isa = XCSwiftPackageProductDependency;
			package = 27E8F5EF29705A17002D3CC4 /* XCRemoteSwiftPackageReference "kakao-ios-sdk" */;
			productName = KakaoSDKCommon;
		};
		27E8F5F629705A17002D3CC4 /* KakaoSDKUser */ = {
			isa = XCSwiftPackageProductDependency;
			package = 27E8F5EF29705A17002D3CC4 /* XCRemoteSwiftPackageReference "kakao-ios-sdk" */;
			productName = KakaoSDKUser;
		};
/* End XCSwiftPackageProductDependency section */
	};
	rootObject = 276EC91327EAE65D0014D70A /* Project object */;
}
